
Microsoft Visual Studio Solution File, Format Version 12.00
# Visual Studio Version 16
VisualStudioVersion = 16.0.28803.352
MinimumVisualStudioVersion = 10.0.40219.1
Project("{FAE04EC0-301F-11D3-BF4B-00C04F79EFBC}") = "RPCS3Updater", "RPCS3Updater\RPCS3Updater.csproj", "{1A6AD083-C49F-444F-AD12-F387AA565AA9}"
EndProject
Global
	GlobalSection(SolutionConfigurationPlatforms) = preSolution
		Debug|Any CPU = Debug|Any CPU
		Release|Any CPU = Release|Any CPU
	EndGlobalSection
	GlobalSection(ProjectConfigurationPlatforms) = postSolution
		{1A6AD083-C49F-444F-AD12-F387AA565AA9}.Debug|Any CPU.ActiveCfg = Debug|Any CPU
		{1A6AD083-C49F-444F-AD12-F387AA565AA9}.Debug|Any CPU.Build.0 = Debug|Any CPU
		{1A6AD083-C49F-444F-AD12-F387AA565AA9}.Release|Any CPU.ActiveCfg = Release|Any CPU
		{1A6AD083-C49F-444F-AD12-F387AA565AA9}.Release|Any CPU.Build.0 = Release|Any CPU
	EndGlobalSection
	GlobalSection(SolutionProperties) = preSolution
		HideSolutionNode = FALSE
	EndGlobalSection
	GlobalSection(ExtensibilityGlobals) = postSolution
		SolutionGuid = {726B2DCA-7E76-48DF-B782-64733B551FD9}
	EndGlobalSection
EndGlobal
